// !$*UTF8*$!
{
	archiveVersion = 1;
	classes = {
	};
	objectVersion = 55;
	objects = {

/* Begin PBXBuildFile section */
		6E65103127F9A37100DB0E6C /* CoordinatorPatternExampleApp.swift in Sources */ = {isa = PBXBuildFile; fileRef = 6E65103027F9A37100DB0E6C /* CoordinatorPatternExampleApp.swift */; };
		6E65103327F9A37100DB0E6C /* ContentView.swift in Sources */ = {isa = PBXBuildFile; fileRef = 6E65103227F9A37100DB0E6C /* ContentView.swift */; };
		6E65103527F9A37300DB0E6C /* Assets.xcassets in Resources */ = {isa = PBXBuildFile; fileRef = 6E65103427F9A37300DB0E6C /* Assets.xcassets */; };
		6E65103827F9A37300DB0E6C /* Preview Assets.xcassets in Resources */ = {isa = PBXBuildFile; fileRef = 6E65103727F9A37300DB0E6C /* Preview Assets.xcassets */; };
		6E65104227F9A37400DB0E6C /* CoordinatorPatternExampleTests.swift in Sources */ = {isa = PBXBuildFile; fileRef = 6E65104127F9A37400DB0E6C /* CoordinatorPatternExampleTests.swift */; };
		6E65104C27F9A37400DB0E6C /* CoordinatorPatternExampleUITests.swift in Sources */ = {isa = PBXBuildFile; fileRef = 6E65104B27F9A37400DB0E6C /* CoordinatorPatternExampleUITests.swift */; };
		6E65104E27F9A37400DB0E6C /* CoordinatorPatternExampleUITestsLaunchTests.swift in Sources */ = {isa = PBXBuildFile; fileRef = 6E65104D27F9A37400DB0E6C /* CoordinatorPatternExampleUITestsLaunchTests.swift */; };
/* End PBXBuildFile section */

/* Begin PBXContainerItemProxy section */
		6E65103E27F9A37400DB0E6C /* PBXContainerItemProxy */ = {
			isa = PBXContainerItemProxy;
			containerPortal = 6E65102527F9A37100DB0E6C /* Project object */;
			proxyType = 1;
			remoteGlobalIDString = 6E65102C27F9A37100DB0E6C;
			remoteInfo = CoordinatorPatternExample;
		};
		6E65104827F9A37400DB0E6C /* PBXContainerItemProxy */ = {
			isa = PBXContainerItemProxy;
			containerPortal = 6E65102527F9A37100DB0E6C /* Project object */;
			proxyType = 1;
			remoteGlobalIDString = 6E65102C27F9A37100DB0E6C;
			remoteInfo = CoordinatorPatternExample;
		};
/* End PBXContainerItemProxy section */

/* Begin PBXFileReference section */
		6E65102D27F9A37100DB0E6C /* CoordinatorPatternExample.app */ = {isa = PBXFileReference; explicitFileType = wrapper.application; includeInIndex = 0; path = CoordinatorPatternExample.app; sourceTree = BUILT_PRODUCTS_DIR; };
		6E65103027F9A37100DB0E6C /* CoordinatorPatternExampleApp.swift */ = {isa = PBXFileReference; lastKnownFileType = sourcecode.swift; path = CoordinatorPatternExampleApp.swift; sourceTree = "<group>"; };
		6E65103227F9A37100DB0E6C /* ContentView.swift */ = {isa = PBXFileReference; lastKnownFileType = sourcecode.swift; path = ContentView.swift; sourceTree = "<group>"; };
		6E65103427F9A37300DB0E6C /* Assets.xcassets */ = {isa = PBXFileReference; lastKnownFileType = folder.assetcatalog; path = Assets.xcassets; sourceTree = "<group>"; };
		6E65103727F9A37300DB0E6C /* Preview Assets.xcassets */ = {isa = PBXFileReference; lastKnownFileType = folder.assetcatalog; path = "Preview Assets.xcassets"; sourceTree = "<group>"; };
		6E65103D27F9A37400DB0E6C /* CoordinatorPatternExampleTests.xctest */ = {isa = PBXFileReference; explicitFileType = wrapper.cfbundle; includeInIndex = 0; path = CoordinatorPatternExampleTests.xctest; sourceTree = BUILT_PRODUCTS_DIR; };
		6E65104127F9A37400DB0E6C /* CoordinatorPatternExampleTests.swift */ = {isa = PBXFileReference; lastKnownFileType = sourcecode.swift; path = CoordinatorPatternExampleTests.swift; sourceTree = "<group>"; };
		6E65104727F9A37400DB0E6C /* CoordinatorPatternExampleUITests.xctest */ = {isa = PBXFileReference; explicitFileType = wrapper.cfbundle; includeInIndex = 0; path = CoordinatorPatternExampleUITests.xctest; sourceTree = BUILT_PRODUCTS_DIR; };
		6E65104B27F9A37400DB0E6C /* CoordinatorPatternExampleUITests.swift */ = {isa = PBXFileReference; lastKnownFileType = sourcecode.swift; path = CoordinatorPatternExampleUITests.swift; sourceTree = "<group>"; };
		6E65104D27F9A37400DB0E6C /* CoordinatorPatternExampleUITestsLaunchTests.swift */ = {isa = PBXFileReference; lastKnownFileType = sourcecode.swift; path = CoordinatorPatternExampleUITestsLaunchTests.swift; sourceTree = "<group>"; };
/* End PBXFileReference section */

/* Begin PBXFrameworksBuildPhase section */
		6E65102A27F9A37100DB0E6C /* Frameworks */ = {
			isa = PBXFrameworksBuildPhase;
			buildActionMask = 2147483647;
			files = (
			);
			runOnlyForDeploymentPostprocessing = 0;
		};
		6E65103A27F9A37400DB0E6C /* Frameworks */ = {
			isa = PBXFrameworksBuildPhase;
			buildActionMask = 2147483647;
			files = (
			);
			runOnlyForDeploymentPostprocessing = 0;
		};
		6E65104427F9A37400DB0E6C /* Frameworks */ = {
			isa = PBXFrameworksBuildPhase;
			buildActionMask = 2147483647;
			files = (
			);
			runOnlyForDeploymentPostprocessing = 0;
		};
/* End PBXFrameworksBuildPhase section */

/* Begin PBXGroup section */
		6E65102427F9A37100DB0E6C = {
			isa = PBXGroup;
			children = (
				6E65102F27F9A37100DB0E6C /* CoordinatorPatternExample */,
				6E65104027F9A37400DB0E6C /* CoordinatorPatternExampleTests */,
				6E65104A27F9A37400DB0E6C /* CoordinatorPatternExampleUITests */,
				6E65102E27F9A37100DB0E6C /* Products */,
			);
			sourceTree = "<group>";
		};
		6E65102E27F9A37100DB0E6C /* Products */ = {
			isa = PBXGroup;
			children = (
				6E65102D27F9A37100DB0E6C /* CoordinatorPatternExample.app */,
				6E65103D27F9A37400DB0E6C /* CoordinatorPatternExampleTests.xctest */,
				6E65104727F9A37400DB0E6C /* CoordinatorPatternExampleUITests.xctest */,
			);
			name = Products;
			sourceTree = "<group>";
		};
		6E65102F27F9A37100DB0E6C /* CoordinatorPatternExample */ = {
			isa = PBXGroup;
			children = (
				6E65103027F9A37100DB0E6C /* CoordinatorPatternExampleApp.swift */,
				6E65103227F9A37100DB0E6C /* ContentView.swift */,
				6E65103427F9A37300DB0E6C /* Assets.xcassets */,
				6E65103627F9A37300DB0E6C /* Preview Content */,
			);
			path = CoordinatorPatternExample;
			sourceTree = "<group>";
		};
		6E65103627F9A37300DB0E6C /* Preview Content */ = {
			isa = PBXGroup;
			children = (
				6E65103727F9A37300DB0E6C /* Preview Assets.xcassets */,
			);
			path = "Preview Content";
			sourceTree = "<group>";
		};
		6E65104027F9A37400DB0E6C /* CoordinatorPatternExampleTests */ = {
			isa = PBXGroup;
			children = (
				6E65104127F9A37400DB0E6C /* CoordinatorPatternExampleTests.swift */,
			);
			path = CoordinatorPatternExampleTests;
			sourceTree = "<group>";
		};
		6E65104A27F9A37400DB0E6C /* CoordinatorPatternExampleUITests */ = {
			isa = PBXGroup;
			children = (
				6E65104B27F9A37400DB0E6C /* CoordinatorPatternExampleUITests.swift */,
				6E65104D27F9A37400DB0E6C /* CoordinatorPatternExampleUITestsLaunchTests.swift */,
			);
			path = CoordinatorPatternExampleUITests;
			sourceTree = "<group>";
		};
/* End PBXGroup section */

/* Begin PBXNativeTarget section */
		6E65102C27F9A37100DB0E6C /* CoordinatorPatternExample */ = {
			isa = PBXNativeTarget;
			buildConfigurationList = 6E65105127F9A37400DB0E6C /* Build configuration list for PBXNativeTarget "CoordinatorPatternExample" */;
			buildPhases = (
				6E65102927F9A37100DB0E6C /* Sources */,
				6E65102A27F9A37100DB0E6C /* Frameworks */,
				6E65102B27F9A37100DB0E6C /* Resources */,
			);
			buildRules = (
			);
			dependencies = (
			);
			name = CoordinatorPatternExample;
			productName = CoordinatorPatternExample;
			productReference = 6E65102D27F9A37100DB0E6C /* CoordinatorPatternExample.app */;
			productType = "com.apple.product-type.application";
		};
		6E65103C27F9A37400DB0E6C /* CoordinatorPatternExampleTests */ = {
			isa = PBXNativeTarget;
			buildConfigurationList = 6E65105427F9A37400DB0E6C /* Build configuration list for PBXNativeTarget "CoordinatorPatternExampleTests" */;
			buildPhases = (
				6E65103927F9A37400DB0E6C /* Sources */,
				6E65103A27F9A37400DB0E6C /* Frameworks */,
				6E65103B27F9A37400DB0E6C /* Resources */,
			);
			buildRules = (
			);
			dependencies = (
				6E65103F27F9A37400DB0E6C /* PBXTargetDependency */,
			);
			name = CoordinatorPatternExampleTests;
			productName = CoordinatorPatternExampleTests;
			productReference = 6E65103D27F9A37400DB0E6C /* CoordinatorPatternExampleTests.xctest */;
			productType = "com.apple.product-type.bundle.unit-test";
		};
		6E65104627F9A37400DB0E6C /* CoordinatorPatternExampleUITests */ = {
			isa = PBXNativeTarget;
			buildConfigurationList = 6E65105727F9A37400DB0E6C /* Build configuration list for PBXNativeTarget "CoordinatorPatternExampleUITests" */;
			buildPhases = (
				6E65104327F9A37400DB0E6C /* Sources */,
				6E65104427F9A37400DB0E6C /* Frameworks */,
				6E65104527F9A37400DB0E6C /* Resources */,
			);
			buildRules = (
			);
			dependencies = (
				6E65104927F9A37400DB0E6C /* PBXTargetDependency */,
			);
			name = CoordinatorPatternExampleUITests;
			productName = CoordinatorPatternExampleUITests;
			productReference = 6E65104727F9A37400DB0E6C /* CoordinatorPatternExampleUITests.xctest */;
			productType = "com.apple.product-type.bundle.ui-testing";
		};
/* End PBXNativeTarget section */

/* Begin PBXProject section */
		6E65102527F9A37100DB0E6C /* Project object */ = {
			isa = PBXProject;
			attributes = {
				BuildIndependentTargetsInParallel = 1;
				LastSwiftUpdateCheck = 1330;
				LastUpgradeCheck = 1330;
				TargetAttributes = {
					6E65102C27F9A37100DB0E6C = {
						CreatedOnToolsVersion = 13.3;
					};
					6E65103C27F9A37400DB0E6C = {
						CreatedOnToolsVersion = 13.3;
						TestTargetID = 6E65102C27F9A37100DB0E6C;
					};
					6E65104627F9A37400DB0E6C = {
						CreatedOnToolsVersion = 13.3;
						TestTargetID = 6E65102C27F9A37100DB0E6C;
					};
				};
			};
			buildConfigurationList = 6E65102827F9A37100DB0E6C /* Build configuration list for PBXProject "CoordinatorPatternExample" */;
			compatibilityVersion = "Xcode 13.0";
			developmentRegion = en;
			hasScannedForEncodings = 0;
			knownRegions = (
				en,
				Base,
			);
			mainGroup = 6E65102427F9A37100DB0E6C;
			productRefGroup = 6E65102E27F9A37100DB0E6C /* Products */;
			projectDirPath = "";
			projectRoot = "";
			targets = (
				6E65102C27F9A37100DB0E6C /* CoordinatorPatternExample */,
				6E65103C27F9A37400DB0E6C /* CoordinatorPatternExampleTests */,
				6E65104627F9A37400DB0E6C /* CoordinatorPatternExampleUITests */,
			);
		};
/* End PBXProject section */

/* Begin PBXResourcesBuildPhase section */
		6E65102B27F9A37100DB0E6C /* Resources */ = {
			isa = PBXResourcesBuildPhase;
			buildActionMask = 2147483647;
			files = (
				6E65103827F9A37300DB0E6C /* Preview Assets.xcassets in Resources */,
				6E65103527F9A37300DB0E6C /* Assets.xcassets in Resources */,
			);
			runOnlyForDeploymentPostprocessing = 0;
		};
		6E65103B27F9A37400DB0E6C /* Resources */ = {
			isa = PBXResourcesBuildPhase;
			buildActionMask = 2147483647;
			files = (
			);
			runOnlyForDeploymentPostprocessing = 0;
		};
		6E65104527F9A37400DB0E6C /* Resources */ = {
			isa = PBXResourcesBuildPhase;
			buildActionMask = 2147483647;
			files = (
			);
			runOnlyForDeploymentPostprocessing = 0;
		};
/* End PBXResourcesBuildPhase section */

/* Begin PBXSourcesBuildPhase section */
		6E65102927F9A37100DB0E6C /* Sources */ = {
			isa = PBXSourcesBuildPhase;
			buildActionMask = 2147483647;
			files = (
				6E65103327F9A37100DB0E6C /* ContentView.swift in Sources */,
				6E65103127F9A37100DB0E6C /* CoordinatorPatternExampleApp.swift in Sources */,
			);
			runOnlyForDeploymentPostprocessing = 0;
		};
		6E65103927F9A37400DB0E6C /* Sources */ = {
			isa = PBXSourcesBuildPhase;
			buildActionMask = 2147483647;
			files = (
				6E65104227F9A37400DB0E6C /* CoordinatorPatternExampleTests.swift in Sources */,
			);
			runOnlyForDeploymentPostprocessing = 0;
		};
		6E65104327F9A37400DB0E6C /* Sources */ = {
			isa = PBXSourcesBuildPhase;
			buildActionMask = 2147483647;
			files = (
				6E65104C27F9A37400DB0E6C /* CoordinatorPatternExampleUITests.swift in Sources */,
				6E65104E27F9A37400DB0E6C /* CoordinatorPatternExampleUITestsLaunchTests.swift in Sources */,
			);
			runOnlyForDeploymentPostprocessing = 0;
		};
/* End PBXSourcesBuildPhase section */

/* Begin PBXTargetDependency section */
		6E65103F27F9A37400DB0E6C /* PBXTargetDependency */ = {
			isa = PBXTargetDependency;
			target = 6E65102C27F9A37100DB0E6C /* CoordinatorPatternExample */;
			targetProxy = 6E65103E27F9A37400DB0E6C /* PBXContainerItemProxy */;
		};
		6E65104927F9A37400DB0E6C /* PBXTargetDependency */ = {
			isa = PBXTargetDependency;
			target = 6E65102C27F9A37100DB0E6C /* CoordinatorPatternExample */;
			targetProxy = 6E65104827F9A37400DB0E6C /* PBXContainerItemProxy */;
		};
/* End PBXTargetDependency section */

/* Begin XCBuildConfiguration section */
		6E65104F27F9A37400DB0E6C /* Debug */ = {
			isa = XCBuildConfiguration;
			buildSettings = {
				ALWAYS_SEARCH_USER_PATHS = NO;
				CLANG_ANALYZER_NONNULL = YES;
				CLANG_ANALYZER_NUMBER_OBJECT_CONVERSION = YES_AGGRESSIVE;
				CLANG_CXX_LANGUAGE_STANDARD = "gnu++17";
				CLANG_ENABLE_MODULES = YES;
				CLANG_ENABLE_OBJC_ARC = YES;
				CLANG_ENABLE_OBJC_WEAK = YES;
				CLANG_WARN_BLOCK_CAPTURE_AUTORELEASING = YES;
				CLANG_WARN_BOOL_CONVERSION = YES;
				CLANG_WARN_COMMA = YES;
				CLANG_WARN_CONSTANT_CONVERSION = YES;
				CLANG_WARN_DEPRECATED_OBJC_IMPLEMENTATIONS = YES;
				CLANG_WARN_DIRECT_OBJC_ISA_USAGE = YES_ERROR;
				CLANG_WARN_DOCUMENTATION_COMMENTS = YES;
				CLANG_WARN_EMPTY_BODY = YES;
				CLANG_WARN_ENUM_CONVERSION = YES;
				CLANG_WARN_INFINITE_RECURSION = YES;
				CLANG_WARN_INT_CONVERSION = YES;
				CLANG_WARN_NON_LITERAL_NULL_CONVERSION = YES;
				CLANG_WARN_OBJC_IMPLICIT_RETAIN_SELF = YES;
				CLANG_WARN_OBJC_LITERAL_CONVERSION = YES;
				CLANG_WARN_OBJC_ROOT_CLASS = YES_ERROR;
				CLANG_WARN_QUOTED_INCLUDE_IN_FRAMEWORK_HEADER = YES;
				CLANG_WARN_RANGE_LOOP_ANALYSIS = YES;
				CLANG_WARN_STRICT_PROTOTYPES = YES;
				CLANG_WARN_SUSPICIOUS_MOVE = YES;
				CLANG_WARN_UNGUARDED_AVAILABILITY = YES_AGGRESSIVE;
				CLANG_WARN_UNREACHABLE_CODE = YES;
				CLANG_WARN__DUPLICATE_METHOD_MATCH = YES;
				COPY_PHASE_STRIP = NO;
				DEBUG_INFORMATION_FORMAT = dwarf;
				ENABLE_STRICT_OBJC_MSGSEND = YES;
				ENABLE_TESTABILITY = YES;
				GCC_C_LANGUAGE_STANDARD = gnu11;
				GCC_DYNAMIC_NO_PIC = NO;
				GCC_NO_COMMON_BLOCKS = YES;
				GCC_OPTIMIZATION_LEVEL = 0;
				GCC_PREPROCESSOR_DEFINITIONS = (
					"DEBUG=1",
					"$(inherited)",
				);
				GCC_WARN_64_TO_32_BIT_CONVERSION = YES;
				GCC_WARN_ABOUT_RETURN_TYPE = YES_ERROR;
				GCC_WARN_UNDECLARED_SELECTOR = YES;
				GCC_WARN_UNINITIALIZED_AUTOS = YES_AGGRESSIVE;
				GCC_WARN_UNUSED_FUNCTION = YES;
				GCC_WARN_UNUSED_VARIABLE = YES;
				IPHONEOS_DEPLOYMENT_TARGET = 15.4;
				MTL_ENABLE_DEBUG_INFO = INCLUDE_SOURCE;
				MTL_FAST_MATH = YES;
				ONLY_ACTIVE_ARCH = YES;
				SDKROOT = iphoneos;
				SWIFT_ACTIVE_COMPILATION_CONDITIONS = DEBUG;
				SWIFT_OPTIMIZATION_LEVEL = "-Onone";
			};
			name = Debug;
		};
		6E65105027F9A37400DB0E6C /* Release */ = {
			isa = XCBuildConfiguration;
			buildSettings = {
				ALWAYS_SEARCH_USER_PATHS = NO;
				CLANG_ANALYZER_NONNULL = YES;
				CLANG_ANALYZER_NUMBER_OBJECT_CONVERSION = YES_AGGRESSIVE;
				CLANG_CXX_LANGUAGE_STANDARD = "gnu++17";
				CLANG_ENABLE_MODULES = YES;
				CLANG_ENABLE_OBJC_ARC = YES;
				CLANG_ENABLE_OBJC_WEAK = YES;
				CLANG_WARN_BLOCK_CAPTURE_AUTORELEASING = YES;
				CLANG_WARN_BOOL_CONVERSION = YES;
				CLANG_WARN_COMMA = YES;
				CLANG_WARN_CONSTANT_CONVERSION = YES;
				CLANG_WARN_DEPRECATED_OBJC_IMPLEMENTATIONS = YES;
				CLANG_WARN_DIRECT_OBJC_ISA_USAGE = YES_ERROR;
				CLANG_WARN_DOCUMENTATION_COMMENTS = YES;
				CLANG_WARN_EMPTY_BODY = YES;
				CLANG_WARN_ENUM_CONVERSION = YES;
				CLANG_WARN_INFINITE_RECURSION = YES;
				CLANG_WARN_INT_CONVERSION = YES;
				CLANG_WARN_NON_LITERAL_NULL_CONVERSION = YES;
				CLANG_WARN_OBJC_IMPLICIT_RETAIN_SELF = YES;
				CLANG_WARN_OBJC_LITERAL_CONVERSION = YES;
				CLANG_WARN_OBJC_ROOT_CLASS = YES_ERROR;
				CLANG_WARN_QUOTED_INCLUDE_IN_FRAMEWORK_HEADER = YES;
				CLANG_WARN_RANGE_LOOP_ANALYSIS = YES;
				CLANG_WARN_STRICT_PROTOTYPES = YES;
				CLANG_WARN_SUSPICIOUS_MOVE = YES;
				CLANG_WARN_UNGUARDED_AVAILABILITY = YES_AGGRESSIVE;
				CLANG_WARN_UNREACHABLE_CODE = YES;
				CLANG_WARN__DUPLICATE_METHOD_MATCH = YES;
				COPY_PHASE_STRIP = NO;
				DEBUG_INFORMATION_FORMAT = "dwarf-with-dsym";
				ENABLE_NS_ASSERTIONS = NO;
				ENABLE_STRICT_OBJC_MSGSEND = YES;
				GCC_C_LANGUAGE_STANDARD = gnu11;
				GCC_NO_COMMON_BLOCKS = YES;
				GCC_WARN_64_TO_32_BIT_CONVERSION = YES;
				GCC_WARN_ABOUT_RETURN_TYPE = YES_ERROR;
				GCC_WARN_UNDECLARED_SELECTOR = YES;
				GCC_WARN_UNINITIALIZED_AUTOS = YES_AGGRESSIVE;
				GCC_WARN_UNUSED_FUNCTION = YES;
				GCC_WARN_UNUSED_VARIABLE = YES;
				IPHONEOS_DEPLOYMENT_TARGET = 15.4;
				MTL_ENABLE_DEBUG_INFO = NO;
				MTL_FAST_MATH = YES;
				SDKROOT = iphoneos;
				SWIFT_COMPILATION_MODE = wholemodule;
				SWIFT_OPTIMIZATION_LEVEL = "-O";
				VALIDATE_PRODUCT = YES;
			};
			name = Release;
		};
		6E65105227F9A37400DB0E6C /* Debug */ = {
			isa = XCBuildConfiguration;
			buildSettings = {
				ASSETCATALOG_COMPILER_APPICON_NAME = AppIcon;
				ASSETCATALOG_COMPILER_GLOBAL_ACCENT_COLOR_NAME = AccentColor;
				CODE_SIGN_STYLE = Automatic;
				CURRENT_PROJECT_VERSION = 1;
				DEVELOPMENT_ASSET_PATHS = "\"CoordinatorPatternExample/Preview Content\"";
				DEVELOPMENT_TEAM = D45XUJ5XY2;
				ENABLE_PREVIEWS = YES;
				GENERATE_INFOPLIST_FILE = YES;
				INFOPLIST_KEY_UIApplicationSceneManifest_Generation = YES;
				INFOPLIST_KEY_UIApplicationSupportsIndirectInputEvents = YES;
				INFOPLIST_KEY_UILaunchScreen_Generation = YES;
				INFOPLIST_KEY_UISupportedInterfaceOrientations_iPad = "UIInterfaceOrientationPortrait UIInterfaceOrientationPortraitUpsideDown UIInterfaceOrientationLandscapeLeft UIInterfaceOrientationLandscapeRight";
				INFOPLIST_KEY_UISupportedInterfaceOrientations_iPhone = "UIInterfaceOrientationPortrait UIInterfaceOrientationLandscapeLeft UIInterfaceOrientationLandscapeRight";
				LD_RUNPATH_SEARCH_PATHS = (
					"$(inherited)",
					"@executable_path/Frameworks",
				);
				MARKETING_VERSION = 1.0;
				PRODUCT_BUNDLE_IDENTIFIER = com.yossapas.CoordinatorPatternExample;
				PRODUCT_NAME = "$(TARGET_NAME)";
				SWIFT_EMIT_LOC_STRINGS = YES;
				SWIFT_VERSION = 5.0;
				TARGETED_DEVICE_FAMILY = "1,2";
			};
			name = Debug;
		};
		6E65105327F9A37400DB0E6C /* Release */ = {
			isa = XCBuildConfiguration;
			buildSettings = {
				ASSETCATALOG_COMPILER_APPICON_NAME = AppIcon;
				ASSETCATALOG_COMPILER_GLOBAL_ACCENT_COLOR_NAME = AccentColor;
				CODE_SIGN_STYLE = Automatic;
				CURRENT_PROJECT_VERSION = 1;
				DEVELOPMENT_ASSET_PATHS = "\"CoordinatorPatternExample/Preview Content\"";
				DEVELOPMENT_TEAM = D45XUJ5XY2;
				ENABLE_PREVIEWS = YES;
				GENERATE_INFOPLIST_FILE = YES;
				INFOPLIST_KEY_UIApplicationSceneManifest_Generation = YES;
				INFOPLIST_KEY_UIApplicationSupportsIndirectInputEvents = YES;
				INFOPLIST_KEY_UILaunchScreen_Generation = YES;
				INFOPLIST_KEY_UISupportedInterfaceOrientations_iPad = "UIInterfaceOrientationPortrait UIInterfaceOrientationPortraitUpsideDown UIInterfaceOrientationLandscapeLeft UIInterfaceOrientationLandscapeRight";
				INFOPLIST_KEY_UISupportedInterfaceOrientations_iPhone = "UIInterfaceOrientationPortrait UIInterfaceOrientationLandscapeLeft UIInterfaceOrientationLandscapeRight";
				LD_RUNPATH_SEARCH_PATHS = (
					"$(inherited)",
					"@executable_path/Frameworks",
				);
				MARKETING_VERSION = 1.0;
				PRODUCT_BUNDLE_IDENTIFIER = com.yossapas.CoordinatorPatternExample;
				PRODUCT_NAME = "$(TARGET_NAME)";
				SWIFT_EMIT_LOC_STRINGS = YES;
				SWIFT_VERSION = 5.0;
				TARGETED_DEVICE_FAMILY = "1,2";
			};
			name = Release;
		};
		6E65105527F9A37400DB0E6C /* Debug */ = {
			isa = XCBuildConfiguration;
			buildSettings = {
				ALWAYS_EMBED_SWIFT_STANDARD_LIBRARIES = YES;
				BUNDLE_LOADER = "$(TEST_HOST)";
				CODE_SIGN_STYLE = Automatic;
				CURRENT_PROJECT_VERSION = 1;
				DEVELOPMENT_TEAM = D45XUJ5XY2;
				GENERATE_INFOPLIST_FILE = YES;
				IPHONEOS_DEPLOYMENT_TARGET = 15.4;
				MARKETING_VERSION = 1.0;
				PRODUCT_BUNDLE_IDENTIFIER = com.yossapas.CoordinatorPatternExampleTests;
				PRODUCT_NAME = "$(TARGET_NAME)";
				SWIFT_EMIT_LOC_STRINGS = NO;
				SWIFT_VERSION = 5.0;
				TARGETED_DEVICE_FAMILY = "1,2";
				TEST_HOST = "$(BUILT_PRODUCTS_DIR)/CoordinatorPatternExample.app/CoordinatorPatternExample";
			};
			name = Debug;
		};
		6E65105627F9A37400DB0E6C /* Release */ = {
			isa = XCBuildConfiguration;
			buildSettings = {
				ALWAYS_EMBED_SWIFT_STANDARD_LIBRARIES = YES;
				BUNDLE_LOADER = "$(TEST_HOST)";
				CODE_SIGN_STYLE = Automatic;
				CURRENT_PROJECT_VERSION = 1;
				DEVELOPMENT_TEAM = D45XUJ5XY2;
				GENERATE_INFOPLIST_FILE = YES;
				IPHONEOS_DEPLOYMENT_TARGET = 15.4;
				MARKETING_VERSION = 1.0;
				PRODUCT_BUNDLE_IDENTIFIER = com.yossapas.CoordinatorPatternExampleTests;
				PRODUCT_NAME = "$(TARGET_NAME)";
				SWIFT_EMIT_LOC_STRINGS = NO;
				SWIFT_VERSION = 5.0;
				TARGETED_DEVICE_FAMILY = "1,2";
				TEST_HOST = "$(BUILT_PRODUCTS_DIR)/CoordinatorPatternExample.app/CoordinatorPatternExample";
			};
			name = Release;
		};
		6E65105827F9A37400DB0E6C /* Debug */ = {
			isa = XCBuildConfiguration;
			buildSettings = {
				ALWAYS_EMBED_SWIFT_STANDARD_LIBRARIES = YES;
				CODE_SIGN_STYLE = Automatic;
				CURRENT_PROJECT_VERSION = 1;
				DEVELOPMENT_TEAM = D45XUJ5XY2;
				GENERATE_INFOPLIST_FILE = YES;
				MARKETING_VERSION = 1.0;
				PRODUCT_BUNDLE_IDENTIFIER = com.yossapas.CoordinatorPatternExampleUITests;
				PRODUCT_NAME = "$(TARGET_NAME)";
				SWIFT_EMIT_LOC_STRINGS = NO;
				SWIFT_VERSION = 5.0;
				TARGETED_DEVICE_FAMILY = "1,2";
				TEST_TARGET_NAME = CoordinatorPatternExample;
			};
			name = Debug;
		};
		6E65105927F9A37400DB0E6C /* Release */ = {
			isa = XCBuildConfiguration;
			buildSettings = {
				ALWAYS_EMBED_SWIFT_STANDARD_LIBRARIES = YES;
				CODE_SIGN_STYLE = Automatic;
				CURRENT_PROJECT_VERSION = 1;
				DEVELOPMENT_TEAM = D45XUJ5XY2;
				GENERATE_INFOPLIST_FILE = YES;
				MARKETING_VERSION = 1.0;
				PRODUCT_BUNDLE_IDENTIFIER = com.yossapas.CoordinatorPatternExampleUITests;
				PRODUCT_NAME = "$(TARGET_NAME)";
				SWIFT_EMIT_LOC_STRINGS = NO;
				SWIFT_VERSION = 5.0;
				TARGETED_DEVICE_FAMILY = "1,2";
				TEST_TARGET_NAME = CoordinatorPatternExample;
			};
			name = Release;
		};
/* End XCBuildConfiguration section */

/* Begin XCConfigurationList section */
		6E65102827F9A37100DB0E6C /* Build configuration list for PBXProject "CoordinatorPatternExample" */ = {
			isa = XCConfigurationList;
			buildConfigurations = (
				6E65104F27F9A37400DB0E6C /* Debug */,
				6E65105027F9A37400DB0E6C /* Release */,
			);
			defaultConfigurationIsVisible = 0;
			defaultConfigurationName = Release;
		};
		6E65105127F9A37400DB0E6C /* Build configuration list for PBXNativeTarget "CoordinatorPatternExample" */ = {
			isa = XCConfigurationList;
			buildConfigurations = (
				6E65105227F9A37400DB0E6C /* Debug */,
				6E65105327F9A37400DB0E6C /* Release */,
			);
			defaultConfigurationIsVisible = 0;
			defaultConfigurationName = Release;
		};
		6E65105427F9A37400DB0E6C /* Build configuration list for PBXNativeTarget "CoordinatorPatternExampleTests" */ = {
			isa = XCConfigurationList;
			buildConfigurations = (
				6E65105527F9A37400DB0E6C /* Debug */,
				6E65105627F9A37400DB0E6C /* Release */,
			);
			defaultConfigurationIsVisible = 0;
			defaultConfigurationName = Release;
		};
		6E65105727F9A37400DB0E6C /* Build configuration list for PBXNativeTarget "CoordinatorPatternExampleUITests" */ = {
			isa = XCConfigurationList;
			buildConfigurations = (
				6E65105827F9A37400DB0E6C /* Debug */,
				6E65105927F9A37400DB0E6C /* Release */,
			);
			defaultConfigurationIsVisible = 0;
			defaultConfigurationName = Release;
		};
/* End XCConfigurationList section */
	};
	rootObject = 6E65102527F9A37100DB0E6C /* Project object */;
}
